
Microsoft Visual Studio Solution File, Format Version 12.00
# Visual Studio Version 16
VisualStudioVersion = 16.0.31313.79
MinimumVisualStudioVersion = 10.0.40219.1
Project("{FAE04EC0-301F-11D3-BF4B-00C04F79EFBC}") = "WpfApp3", "WpfApp3\WpfApp3.csproj", "{694FD59F-0803-456E-B949-E9DA2B1A750D}"
EndProject
Global
	GlobalSection(SolutionConfigurationPlatforms) = preSolution
		Debug|Any CPU = Debug|Any CPU
		Release|Any CPU = Release|Any CPU
	EndGlobalSection
	GlobalSection(ProjectConfigurationPlatforms) = postSolution
		{694FD59F-0803-456E-B949-E9DA2B1A750D}.Debug|Any CPU.ActiveCfg = Debug|Any CPU
		{694FD59F-0803-456E-B949-E9DA2B1A750D}.Debug|Any CPU.Build.0 = Debug|Any CPU
		{694FD59F-0803-456E-B949-E9DA2B1A750D}.Release|Any CPU.ActiveCfg = Release|Any CPU
		{694FD59F-0803-456E-B949-E9DA2B1A750D}.Release|Any CPU.Build.0 = Release|Any CPU
	EndGlobalSection
	GlobalSection(SolutionProperties) = preSolution
		HideSolutionNode = FALSE
	EndGlobalSection
	GlobalSection(ExtensibilityGlobals) = postSolution
		SolutionGuid = {69F42134-1EFC-4762-8874-3B99204E8980}
	EndGlobalSection
EndGlobal
